// !$*UTF8*$!
{
	archiveVersion = 1;
	classes = {
	};
	objectVersion = 50;
	objects = {

/* Begin PBXBuildFile section */
		03D0DC54216363C9009AA0E9 /* AppDelegate.swift in Sources */ = {isa = PBXBuildFile; fileRef = 03D0DC53216363C9009AA0E9 /* AppDelegate.swift */; };
		03D0DC56216363C9009AA0E9 /* ViewController.swift in Sources */ = {isa = PBXBuildFile; fileRef = 03D0DC55216363C9009AA0E9 /* ViewController.swift */; };
		03D0DC59216363C9009AA0E9 /* Main.storyboard in Resources */ = {isa = PBXBuildFile; fileRef = 03D0DC57216363C9009AA0E9 /* Main.storyboard */; };
		03D0DC5B216363CB009AA0E9 /* Assets.xcassets in Resources */ = {isa = PBXBuildFile; fileRef = 03D0DC5A216363CB009AA0E9 /* Assets.xcassets */; };
		03D0DC5E216363CB009AA0E9 /* LaunchScreen.storyboard in Resources */ = {isa = PBXBuildFile; fileRef = 03D0DC5C216363CB009AA0E9 /* LaunchScreen.storyboard */; };
		03D0DC69216363CB009AA0E9 /* SocialAppTests.swift in Sources */ = {isa = PBXBuildFile; fileRef = 03D0DC68216363CB009AA0E9 /* SocialAppTests.swift */; };
		03D0DC74216363CB009AA0E9 /* SocialAppUITests.swift in Sources */ = {isa = PBXBuildFile; fileRef = 03D0DC73216363CB009AA0E9 /* SocialAppUITests.swift */; };
/* End PBXBuildFile section */

/* Begin PBXContainerItemProxy section */
		03D0DC65216363CB009AA0E9 /* PBXContainerItemProxy */ = {
			isa = PBXContainerItemProxy;
			containerPortal = 03D0DC48216363C9009AA0E9 /* Project object */;
			proxyType = 1;
			remoteGlobalIDString = 03D0DC4F216363C9009AA0E9;
			remoteInfo = SocialApp;
		};
		03D0DC70216363CB009AA0E9 /* PBXContainerItemProxy */ = {
			isa = PBXContainerItemProxy;
			containerPortal = 03D0DC48216363C9009AA0E9 /* Project object */;
			proxyType = 1;
			remoteGlobalIDString = 03D0DC4F216363C9009AA0E9;
			remoteInfo = SocialApp;
		};
/* End PBXContainerItemProxy section */

/* Begin PBXFileReference section */
		03D0DC50216363C9009AA0E9 /* SocialApp.app */ = {isa = PBXFileReference; explicitFileType = wrapper.application; includeInIndex = 0; path = SocialApp.app; sourceTree = BUILT_PRODUCTS_DIR; };
		03D0DC53216363C9009AA0E9 /* AppDelegate.swift */ = {isa = PBXFileReference; lastKnownFileType = sourcecode.swift; path = AppDelegate.swift; sourceTree = "<group>"; };
		03D0DC55216363C9009AA0E9 /* ViewController.swift */ = {isa = PBXFileReference; lastKnownFileType = sourcecode.swift; path = ViewController.swift; sourceTree = "<group>"; };
		03D0DC58216363C9009AA0E9 /* Base */ = {isa = PBXFileReference; lastKnownFileType = file.storyboard; name = Base; path = Base.lproj/Main.storyboard; sourceTree = "<group>"; };
		03D0DC5A216363CB009AA0E9 /* Assets.xcassets */ = {isa = PBXFileReference; lastKnownFileType = folder.assetcatalog; path = Assets.xcassets; sourceTree = "<group>"; };
		03D0DC5D216363CB009AA0E9 /* Base */ = {isa = PBXFileReference; lastKnownFileType = file.storyboard; name = Base; path = Base.lproj/LaunchScreen.storyboard; sourceTree = "<group>"; };
		03D0DC5F216363CB009AA0E9 /* Info.plist */ = {isa = PBXFileReference; lastKnownFileType = text.plist.xml; path = Info.plist; sourceTree = "<group>"; };
		03D0DC64216363CB009AA0E9 /* SocialAppTests.xctest */ = {isa = PBXFileReference; explicitFileType = wrapper.cfbundle; includeInIndex = 0; path = SocialAppTests.xctest; sourceTree = BUILT_PRODUCTS_DIR; };
		03D0DC68216363CB009AA0E9 /* SocialAppTests.swift */ = {isa = PBXFileReference; lastKnownFileType = sourcecode.swift; path = SocialAppTests.swift; sourceTree = "<group>"; };
		03D0DC6A216363CB009AA0E9 /* Info.plist */ = {isa = PBXFileReference; lastKnownFileType = text.plist.xml; path = Info.plist; sourceTree = "<group>"; };
		03D0DC6F216363CB009AA0E9 /* SocialAppUITests.xctest */ = {isa = PBXFileReference; explicitFileType = wrapper.cfbundle; includeInIndex = 0; path = SocialAppUITests.xctest; sourceTree = BUILT_PRODUCTS_DIR; };
		03D0DC73216363CB009AA0E9 /* SocialAppUITests.swift */ = {isa = PBXFileReference; lastKnownFileType = sourcecode.swift; path = SocialAppUITests.swift; sourceTree = "<group>"; };
		03D0DC75216363CB009AA0E9 /* Info.plist */ = {isa = PBXFileReference; lastKnownFileType = text.plist.xml; path = Info.plist; sourceTree = "<group>"; };
/* End PBXFileReference section */

/* Begin PBXFrameworksBuildPhase section */
		03D0DC4D216363C9009AA0E9 /* Frameworks */ = {
			isa = PBXFrameworksBuildPhase;
			buildActionMask = 2147483647;
			files = (
			);
			runOnlyForDeploymentPostprocessing = 0;
		};
		03D0DC61216363CB009AA0E9 /* Frameworks */ = {
			isa = PBXFrameworksBuildPhase;
			buildActionMask = 2147483647;
			files = (
			);
			runOnlyForDeploymentPostprocessing = 0;
		};
		03D0DC6C216363CB009AA0E9 /* Frameworks */ = {
			isa = PBXFrameworksBuildPhase;
			buildActionMask = 2147483647;
			files = (
			);
			runOnlyForDeploymentPostprocessing = 0;
		};
/* End PBXFrameworksBuildPhase section */

/* Begin PBXGroup section */
		03D0DC47216363C9009AA0E9 = {
			isa = PBXGroup;
			children = (
				03D0DC52216363C9009AA0E9 /* SocialApp */,
				03D0DC67216363CB009AA0E9 /* SocialAppTests */,
				03D0DC72216363CB009AA0E9 /* SocialAppUITests */,
				03D0DC51216363C9009AA0E9 /* Products */,
			);
			sourceTree = "<group>";
		};
		03D0DC51216363C9009AA0E9 /* Products */ = {
			isa = PBXGroup;
			children = (
				03D0DC50216363C9009AA0E9 /* SocialApp.app */,
				03D0DC64216363CB009AA0E9 /* SocialAppTests.xctest */,
				03D0DC6F216363CB009AA0E9 /* SocialAppUITests.xctest */,
			);
			name = Products;
			sourceTree = "<group>";
		};
		03D0DC52216363C9009AA0E9 /* SocialApp */ = {
			isa = PBXGroup;
			children = (
				03D0DC53216363C9009AA0E9 /* AppDelegate.swift */,
				03D0DC55216363C9009AA0E9 /* ViewController.swift */,
				03D0DC57216363C9009AA0E9 /* Main.storyboard */,
				03D0DC5A216363CB009AA0E9 /* Assets.xcassets */,
				03D0DC5C216363CB009AA0E9 /* LaunchScreen.storyboard */,
				03D0DC5F216363CB009AA0E9 /* Info.plist */,
			);
			path = SocialApp;
			sourceTree = "<group>";
		};
		03D0DC67216363CB009AA0E9 /* SocialAppTests */ = {
			isa = PBXGroup;
			children = (
				03D0DC68216363CB009AA0E9 /* SocialAppTests.swift */,
				03D0DC6A216363CB009AA0E9 /* Info.plist */,
			);
			path = SocialAppTests;
			sourceTree = "<group>";
		};
		03D0DC72216363CB009AA0E9 /* SocialAppUITests */ = {
			isa = PBXGroup;
			children = (
				03D0DC73216363CB009AA0E9 /* SocialAppUITests.swift */,
				03D0DC75216363CB009AA0E9 /* Info.plist */,
			);
			path = SocialAppUITests;
			sourceTree = "<group>";
		};
/* End PBXGroup section */

/* Begin PBXNativeTarget section */
		03D0DC4F216363C9009AA0E9 /* SocialApp */ = {
			isa = PBXNativeTarget;
			buildConfigurationList = 03D0DC78216363CB009AA0E9 /* Build configuration list for PBXNativeTarget "SocialApp" */;
			buildPhases = (
				03D0DC4C216363C9009AA0E9 /* Sources */,
				03D0DC4D216363C9009AA0E9 /* Frameworks */,
				03D0DC4E216363C9009AA0E9 /* Resources */,
			);
			buildRules = (
			);
			dependencies = (
			);
			name = SocialApp;
			productName = SocialApp;
			productReference = 03D0DC50216363C9009AA0E9 /* SocialApp.app */;
			productType = "com.apple.product-type.application";
		};
		03D0DC63216363CB009AA0E9 /* SocialAppTests */ = {
			isa = PBXNativeTarget;
			buildConfigurationList = 03D0DC7B216363CB009AA0E9 /* Build configuration list for PBXNativeTarget "SocialAppTests" */;
			buildPhases = (
				03D0DC60216363CB009AA0E9 /* Sources */,
				03D0DC61216363CB009AA0E9 /* Frameworks */,
				03D0DC62216363CB009AA0E9 /* Resources */,
			);
			buildRules = (
			);
			dependencies = (
				03D0DC66216363CB009AA0E9 /* PBXTargetDependency */,
			);
			name = SocialAppTests;
			productName = SocialAppTests;
			productReference = 03D0DC64216363CB009AA0E9 /* SocialAppTests.xctest */;
			productType = "com.apple.product-type.bundle.unit-test";
		};
		03D0DC6E216363CB009AA0E9 /* SocialAppUITests */ = {
			isa = PBXNativeTarget;
			buildConfigurationList = 03D0DC7E216363CB009AA0E9 /* Build configuration list for PBXNativeTarget "SocialAppUITests" */;
			buildPhases = (
				03D0DC6B216363CB009AA0E9 /* Sources */,
				03D0DC6C216363CB009AA0E9 /* Frameworks */,
				03D0DC6D216363CB009AA0E9 /* Resources */,
			);
			buildRules = (
			);
			dependencies = (
				03D0DC71216363CB009AA0E9 /* PBXTargetDependency */,
			);
			name = SocialAppUITests;
			productName = SocialAppUITests;
			productReference = 03D0DC6F216363CB009AA0E9 /* SocialAppUITests.xctest */;
			productType = "com.apple.product-type.bundle.ui-testing";
		};
/* End PBXNativeTarget section */

/* Begin PBXProject section */
		03D0DC48216363C9009AA0E9 /* Project object */ = {
			isa = PBXProject;
			attributes = {
				LastSwiftUpdateCheck = 1000;
				LastUpgradeCheck = 1000;
				ORGANIZATIONNAME = "Bold Lion";
				TargetAttributes = {
					03D0DC4F216363C9009AA0E9 = {
						CreatedOnToolsVersion = 10.0;
					};
					03D0DC63216363CB009AA0E9 = {
						CreatedOnToolsVersion = 10.0;
						TestTargetID = 03D0DC4F216363C9009AA0E9;
					};
					03D0DC6E216363CB009AA0E9 = {
						CreatedOnToolsVersion = 10.0;
						TestTargetID = 03D0DC4F216363C9009AA0E9;
					};
				};
			};
			buildConfigurationList = 03D0DC4B216363C9009AA0E9 /* Build configuration list for PBXProject "SocialApp" */;
			compatibilityVersion = "Xcode 9.3";
			developmentRegion = en;
			hasScannedForEncodings = 0;
			knownRegions = (
				en,
				Base,
			);
			mainGroup = 03D0DC47216363C9009AA0E9;
			productRefGroup = 03D0DC51216363C9009AA0E9 /* Products */;
			projectDirPath = "";
			projectRoot = "";
			targets = (
				03D0DC4F216363C9009AA0E9 /* SocialApp */,
				03D0DC63216363CB009AA0E9 /* SocialAppTests */,
				03D0DC6E216363CB009AA0E9 /* SocialAppUITests */,
			);
		};
/* End PBXProject section */

/* Begin PBXResourcesBuildPhase section */
		03D0DC4E216363C9009AA0E9 /* Resources */ = {
			isa = PBXResourcesBuildPhase;
			buildActionMask = 2147483647;
			files = (
				03D0DC5E216363CB009AA0E9 /* LaunchScreen.storyboard in Resources */,
				03D0DC5B216363CB009AA0E9 /* Assets.xcassets in Resources */,
				03D0DC59216363C9009AA0E9 /* Main.storyboard in Resources */,
			);
			runOnlyForDeploymentPostprocessing = 0;
		};
		03D0DC62216363CB009AA0E9 /* Resources */ = {
			isa = PBXResourcesBuildPhase;
			buildActionMask = 2147483647;
			files = (
			);
			runOnlyForDeploymentPostprocessing = 0;
		};
		03D0DC6D216363CB009AA0E9 /* Resources */ = {
			isa = PBXResourcesBuildPhase;
			buildActionMask = 2147483647;
			files = (
			);
			runOnlyForDeploymentPostprocessing = 0;
		};
/* End PBXResourcesBuildPhase section */

/* Begin PBXSourcesBuildPhase section */
		03D0DC4C216363C9009AA0E9 /* Sources */ = {
			isa = PBXSourcesBuildPhase;
			buildActionMask = 2147483647;
			files = (
				03D0DC56216363C9009AA0E9 /* ViewController.swift in Sources */,
				03D0DC54216363C9009AA0E9 /* AppDelegate.swift in Sources */,
			);
			runOnlyForDeploymentPostprocessing = 0;
		};
		03D0DC60216363CB009AA0E9 /* Sources */ = {
			isa = PBXSourcesBuildPhase;
			buildActionMask = 2147483647;
			files = (
				03D0DC69216363CB009AA0E9 /* SocialAppTests.swift in Sources */,
			);
			runOnlyForDeploymentPostprocessing = 0;
		};
		03D0DC6B216363CB009AA0E9 /* Sources */ = {
			isa = PBXSourcesBuildPhase;
			buildActionMask = 2147483647;
			files = (
				03D0DC74216363CB009AA0E9 /* SocialAppUITests.swift in Sources */,
			);
			runOnlyForDeploymentPostprocessing = 0;
		};
/* End PBXSourcesBuildPhase section */

/* Begin PBXTargetDependency section */
		03D0DC66216363CB009AA0E9 /* PBXTargetDependency */ = {
			isa = PBXTargetDependency;
			target = 03D0DC4F216363C9009AA0E9 /* SocialApp */;
			targetProxy = 03D0DC65216363CB009AA0E9 /* PBXContainerItemProxy */;
		};
		03D0DC71216363CB009AA0E9 /* PBXTargetDependency */ = {
			isa = PBXTargetDependency;
			target = 03D0DC4F216363C9009AA0E9 /* SocialApp */;
			targetProxy = 03D0DC70216363CB009AA0E9 /* PBXContainerItemProxy */;
		};
/* End PBXTargetDependency section */

/* Begin PBXVariantGroup section */
		03D0DC57216363C9009AA0E9 /* Main.storyboard */ = {
			isa = PBXVariantGroup;
			children = (
				03D0DC58216363C9009AA0E9 /* Base */,
			);
			name = Main.storyboard;
			sourceTree = "<group>";
		};
		03D0DC5C216363CB009AA0E9 /* LaunchScreen.storyboard */ = {
			isa = PBXVariantGroup;
			children = (
				03D0DC5D216363CB009AA0E9 /* Base */,
			);
			name = LaunchScreen.storyboard;
			sourceTree = "<group>";
		};
/* End PBXVariantGroup section */

/* Begin XCBuildConfiguration section */
		03D0DC76216363CB009AA0E9 /* Debug */ = {
			isa = XCBuildConfiguration;
			buildSettings = {
				ALWAYS_SEARCH_USER_PATHS = NO;
				CLANG_ANALYZER_NONNULL = YES;
				CLANG_ANALYZER_NUMBER_OBJECT_CONVERSION = YES_AGGRESSIVE;
				CLANG_CXX_LANGUAGE_STANDARD = "gnu++14";
				CLANG_CXX_LIBRARY = "libc++";
				CLANG_ENABLE_MODULES = YES;
				CLANG_ENABLE_OBJC_ARC = YES;
				CLANG_ENABLE_OBJC_WEAK = YES;
				CLANG_WARN_BLOCK_CAPTURE_AUTORELEASING = YES;
				CLANG_WARN_BOOL_CONVERSION = YES;
				CLANG_WARN_COMMA = YES;
				CLANG_WARN_CONSTANT_CONVERSION = YES;
				CLANG_WARN_DEPRECATED_OBJC_IMPLEMENTATIONS = YES;
				CLANG_WARN_DIRECT_OBJC_ISA_USAGE = YES_ERROR;
				CLANG_WARN_DOCUMENTATION_COMMENTS = YES;
				CLANG_WARN_EMPTY_BODY = YES;
				CLANG_WARN_ENUM_CONVERSION = YES;
				CLANG_WARN_INFINITE_RECURSION = YES;
				CLANG_WARN_INT_CONVERSION = YES;
				CLANG_WARN_NON_LITERAL_NULL_CONVERSION = YES;
				CLANG_WARN_OBJC_IMPLICIT_RETAIN_SELF = YES;
				CLANG_WARN_OBJC_LITERAL_CONVERSION = YES;
				CLANG_WARN_OBJC_ROOT_CLASS = YES_ERROR;
				CLANG_WARN_RANGE_LOOP_ANALYSIS = YES;
				CLANG_WARN_STRICT_PROTOTYPES = YES;
				CLANG_WARN_SUSPICIOUS_MOVE = YES;
				CLANG_WARN_UNGUARDED_AVAILABILITY = YES_AGGRESSIVE;
				CLANG_WARN_UNREACHABLE_CODE = YES;
				CLANG_WARN__DUPLICATE_METHOD_MATCH = YES;
				CODE_SIGN_IDENTITY = "iPhone Developer";
				COPY_PHASE_STRIP = NO;
				DEBUG_INFORMATION_FORMAT = dwarf;
				ENABLE_STRICT_OBJC_MSGSEND = YES;
				ENABLE_TESTABILITY = YES;
				GCC_C_LANGUAGE_STANDARD = gnu11;
				GCC_DYNAMIC_NO_PIC = NO;
				GCC_NO_COMMON_BLOCKS = YES;
				GCC_OPTIMIZATION_LEVEL = 0;
				GCC_PREPROCESSOR_DEFINITIONS = (
					"DEBUG=1",
					"$(inherited)",
				);
				GCC_WARN_64_TO_32_BIT_CONVERSION = YES;
				GCC_WARN_ABOUT_RETURN_TYPE = YES_ERROR;
				GCC_WARN_UNDECLARED_SELECTOR = YES;
				GCC_WARN_UNINITIALIZED_AUTOS = YES_AGGRESSIVE;
				GCC_WARN_UNUSED_FUNCTION = YES;
				GCC_WARN_UNUSED_VARIABLE = YES;
				IPHONEOS_DEPLOYMENT_TARGET = 12.0;
				MTL_ENABLE_DEBUG_INFO = INCLUDE_SOURCE;
				MTL_FAST_MATH = YES;
				ONLY_ACTIVE_ARCH = YES;
				SDKROOT = iphoneos;
				SWIFT_ACTIVE_COMPILATION_CONDITIONS = DEBUG;
				SWIFT_OPTIMIZATION_LEVEL = "-Onone";
			};
			name = Debug;
		};
		03D0DC77216363CB009AA0E9 /* Release */ = {
			isa = XCBuildConfiguration;
			buildSettings = {
				ALWAYS_SEARCH_USER_PATHS = NO;
				CLANG_ANALYZER_NONNULL = YES;
				CLANG_ANALYZER_NUMBER_OBJECT_CONVERSION = YES_AGGRESSIVE;
				CLANG_CXX_LANGUAGE_STANDARD = "gnu++14";
				CLANG_CXX_LIBRARY = "libc++";
				CLANG_ENABLE_MODULES = YES;
				CLANG_ENABLE_OBJC_ARC = YES;
				CLANG_ENABLE_OBJC_WEAK = YES;
				CLANG_WARN_BLOCK_CAPTURE_AUTORELEASING = YES;
				CLANG_WARN_BOOL_CONVERSION = YES;
				CLANG_WARN_COMMA = YES;
				CLANG_WARN_CONSTANT_CONVERSION = YES;
				CLANG_WARN_DEPRECATED_OBJC_IMPLEMENTATIONS = YES;
				CLANG_WARN_DIRECT_OBJC_ISA_USAGE = YES_ERROR;
				CLANG_WARN_DOCUMENTATION_COMMENTS = YES;
				CLANG_WARN_EMPTY_BODY = YES;
				CLANG_WARN_ENUM_CONVERSION = YES;
				CLANG_WARN_INFINITE_RECURSION = YES;
				CLANG_WARN_INT_CONVERSION = YES;
				CLANG_WARN_NON_LITERAL_NULL_CONVERSION = YES;
				CLANG_WARN_OBJC_IMPLICIT_RETAIN_SELF = YES;
				CLANG_WARN_OBJC_LITERAL_CONVERSION = YES;
				CLANG_WARN_OBJC_ROOT_CLASS = YES_ERROR;
				CLANG_WARN_RANGE_LOOP_ANALYSIS = YES;
				CLANG_WARN_STRICT_PROTOTYPES = YES;
				CLANG_WARN_SUSPICIOUS_MOVE = YES;
				CLANG_WARN_UNGUARDED_AVAILABILITY = YES_AGGRESSIVE;
				CLANG_WARN_UNREACHABLE_CODE = YES;
				CLANG_WARN__DUPLICATE_METHOD_MATCH = YES;
				CODE_SIGN_IDENTITY = "iPhone Developer";
				COPY_PHASE_STRIP = NO;
				DEBUG_INFORMATION_FORMAT = "dwarf-with-dsym";
				ENABLE_NS_ASSERTIONS = NO;
				ENABLE_STRICT_OBJC_MSGSEND = YES;
				GCC_C_LANGUAGE_STANDARD = gnu11;
				GCC_NO_COMMON_BLOCKS = YES;
				GCC_WARN_64_TO_32_BIT_CONVERSION = YES;
				GCC_WARN_ABOUT_RETURN_TYPE = YES_ERROR;
				GCC_WARN_UNDECLARED_SELECTOR = YES;
				GCC_WARN_UNINITIALIZED_AUTOS = YES_AGGRESSIVE;
				GCC_WARN_UNUSED_FUNCTION = YES;
				GCC_WARN_UNUSED_VARIABLE = YES;
				IPHONEOS_DEPLOYMENT_TARGET = 12.0;
				MTL_ENABLE_DEBUG_INFO = NO;
				MTL_FAST_MATH = YES;
				SDKROOT = iphoneos;
				SWIFT_COMPILATION_MODE = wholemodule;
				SWIFT_OPTIMIZATION_LEVEL = "-O";
				VALIDATE_PRODUCT = YES;
			};
			name = Release;
		};
		03D0DC79216363CB009AA0E9 /* Debug */ = {
			isa = XCBuildConfiguration;
			buildSettings = {
				ASSETCATALOG_COMPILER_APPICON_NAME = AppIcon;
				CODE_SIGN_STYLE = Automatic;
				DEVELOPMENT_TEAM = C7Z3QND73W;
				INFOPLIST_FILE = SocialApp/Info.plist;
				LD_RUNPATH_SEARCH_PATHS = (
					"$(inherited)",
					"@executable_path/Frameworks",
				);
				PRODUCT_BUNDLE_IDENTIFIER = com.example.SocialApp;
				PRODUCT_NAME = "$(TARGET_NAME)";
				SWIFT_VERSION = 4.2;
				TARGETED_DEVICE_FAMILY = "1,2";
			};
			name = Debug;
		};
		03D0DC7A216363CB009AA0E9 /* Release */ = {
			isa = XCBuildConfiguration;
			buildSettings = {
				ASSETCATALOG_COMPILER_APPICON_NAME = AppIcon;
				CODE_SIGN_STYLE = Automatic;
				DEVELOPMENT_TEAM = C7Z3QND73W;
				INFOPLIST_FILE = SocialApp/Info.plist;
				LD_RUNPATH_SEARCH_PATHS = (
					"$(inherited)",
					"@executable_path/Frameworks",
				);
				PRODUCT_BUNDLE_IDENTIFIER = com.example.SocialApp;
				PRODUCT_NAME = "$(TARGET_NAME)";
				SWIFT_VERSION = 4.2;
				TARGETED_DEVICE_FAMILY = "1,2";
			};
			name = Release;
		};
		03D0DC7C216363CB009AA0E9 /* Debug */ = {
			isa = XCBuildConfiguration;
			buildSettings = {
				ALWAYS_EMBED_SWIFT_STANDARD_LIBRARIES = YES;
				BUNDLE_LOADER = "$(TEST_HOST)";
				CODE_SIGN_STYLE = Automatic;
				DEVELOPMENT_TEAM = C7Z3QND73W;
				INFOPLIST_FILE = SocialAppTests/Info.plist;
				LD_RUNPATH_SEARCH_PATHS = (
					"$(inherited)",
					"@executable_path/Frameworks",
					"@loader_path/Frameworks",
				);
				PRODUCT_BUNDLE_IDENTIFIER = com.example.SocialAppTests;
				PRODUCT_NAME = "$(TARGET_NAME)";
				SWIFT_VERSION = 4.2;
				TARGETED_DEVICE_FAMILY = "1,2";
				TEST_HOST = "$(BUILT_PRODUCTS_DIR)/SocialApp.app/SocialApp";
			};
			name = Debug;
		};
		03D0DC7D216363CB009AA0E9 /* Release */ = {
			isa = XCBuildConfiguration;
			buildSettings = {
				ALWAYS_EMBED_SWIFT_STANDARD_LIBRARIES = YES;
				BUNDLE_LOADER = "$(TEST_HOST)";
				CODE_SIGN_STYLE = Automatic;
				DEVELOPMENT_TEAM = C7Z3QND73W;
				INFOPLIST_FILE = SocialAppTests/Info.plist;
				LD_RUNPATH_SEARCH_PATHS = (
					"$(inherited)",
					"@executable_path/Frameworks",
					"@loader_path/Frameworks",
				);
				PRODUCT_BUNDLE_IDENTIFIER = com.example.SocialAppTests;
				PRODUCT_NAME = "$(TARGET_NAME)";
				SWIFT_VERSION = 4.2;
				TARGETED_DEVICE_FAMILY = "1,2";
				TEST_HOST = "$(BUILT_PRODUCTS_DIR)/SocialApp.app/SocialApp";
			};
			name = Release;
		};
		03D0DC7F216363CB009AA0E9 /* Debug */ = {
			isa = XCBuildConfiguration;
			buildSettings = {
				ALWAYS_EMBED_SWIFT_STANDARD_LIBRARIES = YES;
				CODE_SIGN_STYLE = Automatic;
				DEVELOPMENT_TEAM = C7Z3QND73W;
				INFOPLIST_FILE = SocialAppUITests/Info.plist;
				LD_RUNPATH_SEARCH_PATHS = (
					"$(inherited)",
					"@executable_path/Frameworks",
					"@loader_path/Frameworks",
				);
				PRODUCT_BUNDLE_IDENTIFIER = com.example.SocialAppUITests;
				PRODUCT_NAME = "$(TARGET_NAME)";
				SWIFT_VERSION = 4.2;
				TARGETED_DEVICE_FAMILY = "1,2";
				TEST_TARGET_NAME = SocialApp;
			};
			name = Debug;
		};
		03D0DC80216363CB009AA0E9 /* Release */ = {
			isa = XCBuildConfiguration;
			buildSettings = {
				ALWAYS_EMBED_SWIFT_STANDARD_LIBRARIES = YES;
				CODE_SIGN_STYLE = Automatic;
				DEVELOPMENT_TEAM = C7Z3QND73W;
				INFOPLIST_FILE = SocialAppUITests/Info.plist;
				LD_RUNPATH_SEARCH_PATHS = (
					"$(inherited)",
					"@executable_path/Frameworks",
					"@loader_path/Frameworks",
				);
				PRODUCT_BUNDLE_IDENTIFIER = com.example.SocialAppUITests;
				PRODUCT_NAME = "$(TARGET_NAME)";
				SWIFT_VERSION = 4.2;
				TARGETED_DEVICE_FAMILY = "1,2";
				TEST_TARGET_NAME = SocialApp;
			};
			name = Release;
		};
/* End XCBuildConfiguration section */

/* Begin XCConfigurationList section */
		03D0DC4B216363C9009AA0E9 /* Build configuration list for PBXProject "SocialApp" */ = {
			isa = XCConfigurationList;
			buildConfigurations = (
				03D0DC76216363CB009AA0E9 /* Debug */,
				03D0DC77216363CB009AA0E9 /* Release */,
			);
			defaultConfigurationIsVisible = 0;
			defaultConfigurationName = Release;
		};
		03D0DC78216363CB009AA0E9 /* Build configuration list for PBXNativeTarget "SocialApp" */ = {
			isa = XCConfigurationList;
			buildConfigurations = (
				03D0DC79216363CB009AA0E9 /* Debug */,
				03D0DC7A216363CB009AA0E9 /* Release */,
			);
			defaultConfigurationIsVisible = 0;
			defaultConfigurationName = Release;
		};
		03D0DC7B216363CB009AA0E9 /* Build configuration list for PBXNativeTarget "SocialAppTests" */ = {
			isa = XCConfigurationList;
			buildConfigurations = (
				03D0DC7C216363CB009AA0E9 /* Debug */,
				03D0DC7D216363CB009AA0E9 /* Release */,
			);
			defaultConfigurationIsVisible = 0;
			defaultConfigurationName = Release;
		};
		03D0DC7E216363CB009AA0E9 /* Build configuration list for PBXNativeTarget "SocialAppUITests" */ = {
			isa = XCConfigurationList;
			buildConfigurations = (
				03D0DC7F216363CB009AA0E9 /* Debug */,
				03D0DC80216363CB009AA0E9 /* Release */,
			);
			defaultConfigurationIsVisible = 0;
			defaultConfigurationName = Release;
		};
/* End XCConfigurationList section */
	};
	rootObject = 03D0DC48216363C9009AA0E9 /* Project object */;
}
