// !$*UTF8*$!
{
	archiveVersion = 1;
	classes = {
	};
	objectVersion = 50;
	objects = {

/* Begin PBXBuildFile section */
		0348809E2173404B00662460 /* FeedApi.swift in Sources */ = {isa = PBXBuildFile; fileRef = 0348809D2173404B00662460 /* FeedApi.swift */; };
		034880A0217363DF00662460 /* Explore.storyboard in Resources */ = {isa = PBXBuildFile; fileRef = 0348809F217363DF00662460 /* Explore.storyboard */; };
		034880A2217368D600662460 /* ExploreVC.swift in Sources */ = {isa = PBXBuildFile; fileRef = 034880A1217368D600662460 /* ExploreVC.swift */; };
		034880A42173695000662460 /* SearchVC.swift in Sources */ = {isa = PBXBuildFile; fileRef = 034880A32173695000662460 /* SearchVC.swift */; };
		034880A62175E01700662460 /* DetailVC.swift in Sources */ = {isa = PBXBuildFile; fileRef = 034880A52175E01700662460 /* DetailVC.swift */; };
		034880A82175EDE200662460 /* GoogleService-Info.plist in Resources */ = {isa = PBXBuildFile; fileRef = 034880A72175EDE200662460 /* GoogleService-Info.plist */; };
		034880E421777FA200662460 /* ProfileUserVC.swift in Sources */ = {isa = PBXBuildFile; fileRef = 034880E321777FA200662460 /* ProfileUserVC.swift */; };
		0353258D21636D97006152DA /* Auth.storyboard in Resources */ = {isa = PBXBuildFile; fileRef = 0353258C21636D97006152DA /* Auth.storyboard */; };
		0353259121636DDA006152DA /* LoginVC.swift in Sources */ = {isa = PBXBuildFile; fileRef = 0353258F21636DDA006152DA /* LoginVC.swift */; };
		0353259221636DDA006152DA /* RegisterVC.swift in Sources */ = {isa = PBXBuildFile; fileRef = 0353259021636DDA006152DA /* RegisterVC.swift */; };
		0353259721636EDB006152DA /* Profile.storyboard in Resources */ = {isa = PBXBuildFile; fileRef = 0353259321636EDA006152DA /* Profile.storyboard */; };
		0353259821636EDB006152DA /* Tabbar.storyboard in Resources */ = {isa = PBXBuildFile; fileRef = 0353259421636EDB006152DA /* Tabbar.storyboard */; };
		0353259921636EDB006152DA /* Post.storyboard in Resources */ = {isa = PBXBuildFile; fileRef = 0353259521636EDB006152DA /* Post.storyboard */; };
		0353259A21636EDB006152DA /* Dashboard.storyboard in Resources */ = {isa = PBXBuildFile; fileRef = 0353259621636EDB006152DA /* Dashboard.storyboard */; };
		0353259C21636F24006152DA /* _GoogleService-Info.plist in Resources */ = {isa = PBXBuildFile; fileRef = 0353259B21636F24006152DA /* _GoogleService-Info.plist */; };
		035325A121636F64006152DA /* AuthApi.swift in Sources */ = {isa = PBXBuildFile; fileRef = 0353259E21636F64006152DA /* AuthApi.swift */; };
		035325A221636F64006152DA /* Api.swift in Sources */ = {isa = PBXBuildFile; fileRef = 0353259F21636F64006152DA /* Api.swift */; };
		035325A321636F64006152DA /* UsersApi.swift in Sources */ = {isa = PBXBuildFile; fileRef = 035325A021636F64006152DA /* UsersApi.swift */; };
		035325A721637049006152DA /* ProfileVC.swift in Sources */ = {isa = PBXBuildFile; fileRef = 035325A421637048006152DA /* ProfileVC.swift */; };
		035325A821637049006152DA /* DashboardVC.swift in Sources */ = {isa = PBXBuildFile; fileRef = 035325A521637049006152DA /* DashboardVC.swift */; };
		035325A921637049006152DA /* PostVC.swift in Sources */ = {isa = PBXBuildFile; fileRef = 035325A621637049006152DA /* PostVC.swift */; };
		035325AC21637085006152DA /* UserModel.swift in Sources */ = {isa = PBXBuildFile; fileRef = 035325AB21637085006152DA /* UserModel.swift */; };
		035325AE21637A3D006152DA /* DatabaseService.swift in Sources */ = {isa = PBXBuildFile; fileRef = 035325AD21637A3D006152DA /* DatabaseService.swift */; };
		035325B0216380C3006152DA /* Congif.swift in Sources */ = {isa = PBXBuildFile; fileRef = 035325AF216380C3006152DA /* Congif.swift */; };
		036BA4F22178FD7A00D89F2F /* SettingTVC.swift in Sources */ = {isa = PBXBuildFile; fileRef = 036BA4F12178FD7A00D89F2F /* SettingTVC.swift */; };
		0370B23B2164CB69006D4A03 /* Post.swift in Sources */ = {isa = PBXBuildFile; fileRef = 0370B23A2164CB69006D4A03 /* Post.swift */; };
		0370B23D2164CF43006D4A03 /* PostApi.swift in Sources */ = {isa = PBXBuildFile; fileRef = 0370B23C2164CF43006D4A03 /* PostApi.swift */; };
		0371A2B821652E71000FDDA8 /* DashboardTVCell.swift in Sources */ = {isa = PBXBuildFile; fileRef = 0371A2B721652E71000FDDA8 /* DashboardTVCell.swift */; };
		0371A2BA21676F8C000FDDA8 /* CommentVC.swift in Sources */ = {isa = PBXBuildFile; fileRef = 0371A2B921676F8C000FDDA8 /* CommentVC.swift */; };
		0371A2BC21676FEF000FDDA8 /* CommentTVCell.swift in Sources */ = {isa = PBXBuildFile; fileRef = 0371A2BB21676FEF000FDDA8 /* CommentTVCell.swift */; };
		0371A2BE216788BD000FDDA8 /* Comment.swift in Sources */ = {isa = PBXBuildFile; fileRef = 0371A2BD216788BD000FDDA8 /* Comment.swift */; };
		03CBC9122170AE5B0042305F /* DiscoverVC.swift in Sources */ = {isa = PBXBuildFile; fileRef = 03CBC9112170AE5B0042305F /* DiscoverVC.swift */; };
		03CBC9142170AE940042305F /* DiscoverTVCell.swift in Sources */ = {isa = PBXBuildFile; fileRef = 03CBC9132170AE940042305F /* DiscoverTVCell.swift */; };
		03CBC9162170BC990042305F /* FollowApi.swift in Sources */ = {isa = PBXBuildFile; fileRef = 03CBC9152170BC990042305F /* FollowApi.swift */; };
		03D0DC54216363C9009AA0E9 /* AppDelegate.swift in Sources */ = {isa = PBXBuildFile; fileRef = 03D0DC53216363C9009AA0E9 /* AppDelegate.swift */; };
		03D0DC5B216363CB009AA0E9 /* Assets.xcassets in Resources */ = {isa = PBXBuildFile; fileRef = 03D0DC5A216363CB009AA0E9 /* Assets.xcassets */; };
		03D0DC5E216363CB009AA0E9 /* LaunchScreen.storyboard in Resources */ = {isa = PBXBuildFile; fileRef = 03D0DC5C216363CB009AA0E9 /* LaunchScreen.storyboard */; };
		03D0DC69216363CB009AA0E9 /* SocialAppTests.swift in Sources */ = {isa = PBXBuildFile; fileRef = 03D0DC68216363CB009AA0E9 /* SocialAppTests.swift */; };
		03D0DC74216363CB009AA0E9 /* SocialAppUITests.swift in Sources */ = {isa = PBXBuildFile; fileRef = 03D0DC73216363CB009AA0E9 /* SocialAppUITests.swift */; };
		03F487B2216A323000B3CD71 /* CommentApi.swift in Sources */ = {isa = PBXBuildFile; fileRef = 03F487B1216A323000B3CD71 /* CommentApi.swift */; };
		03F487B4216C9AB900B3CD71 /* Post_CommentApi.swift in Sources */ = {isa = PBXBuildFile; fileRef = 03F487B3216C9AB900B3CD71 /* Post_CommentApi.swift */; };
		03F487B6216E54B900B3CD71 /* HeaderProfileCollectionReusableView.swift in Sources */ = {isa = PBXBuildFile; fileRef = 03F487B5216E54B900B3CD71 /* HeaderProfileCollectionReusableView.swift */; };
		03F78379216F733900C8411A /* UserPostsApi.swift in Sources */ = {isa = PBXBuildFile; fileRef = 03F78378216F733900C8411A /* UserPostsApi.swift */; };
		03F7837B216F8EE800C8411A /* PhotoCVCell.swift in Sources */ = {isa = PBXBuildFile; fileRef = 03F7837A216F8EE800C8411A /* PhotoCVCell.swift */; };
		5884C7E6855E901A78031160 /* Pods_SocialAppTests.framework in Frameworks */ = {isa = PBXBuildFile; fileRef = 5677B471A6953D67CD6016E0 /* Pods_SocialAppTests.framework */; };
		B671D3D684E4C3655A90F5F2 /* Pods_SocialAppUITests.framework in Frameworks */ = {isa = PBXBuildFile; fileRef = 226839638A0947D3F2F43835 /* Pods_SocialAppUITests.framework */; };
		E00C5951035FCD2C4565F0F3 /* Pods_SocialApp.framework in Frameworks */ = {isa = PBXBuildFile; fileRef = 3805FCFE7644F497519B6615 /* Pods_SocialApp.framework */; };
/* End PBXBuildFile section */

/* Begin PBXContainerItemProxy section */
		03D0DC65216363CB009AA0E9 /* PBXContainerItemProxy */ = {
			isa = PBXContainerItemProxy;
			containerPortal = 03D0DC48216363C9009AA0E9 /* Project object */;
			proxyType = 1;
			remoteGlobalIDString = 03D0DC4F216363C9009AA0E9;
			remoteInfo = SocialApp;
		};
		03D0DC70216363CB009AA0E9 /* PBXContainerItemProxy */ = {
			isa = PBXContainerItemProxy;
			containerPortal = 03D0DC48216363C9009AA0E9 /* Project object */;
			proxyType = 1;
			remoteGlobalIDString = 03D0DC4F216363C9009AA0E9;
			remoteInfo = SocialApp;
		};
/* End PBXContainerItemProxy section */

/* Begin PBXFileReference section */
		0348809D2173404B00662460 /* FeedApi.swift */ = {isa = PBXFileReference; lastKnownFileType = sourcecode.swift; path = FeedApi.swift; sourceTree = "<group>"; };
		0348809F217363DF00662460 /* Explore.storyboard */ = {isa = PBXFileReference; lastKnownFileType = file.storyboard; path = Explore.storyboard; sourceTree = "<group>"; };
		034880A1217368D600662460 /* ExploreVC.swift */ = {isa = PBXFileReference; lastKnownFileType = sourcecode.swift; path = ExploreVC.swift; sourceTree = "<group>"; };
		034880A32173695000662460 /* SearchVC.swift */ = {isa = PBXFileReference; lastKnownFileType = sourcecode.swift; path = SearchVC.swift; sourceTree = "<group>"; };
		034880A52175E01700662460 /* DetailVC.swift */ = {isa = PBXFileReference; lastKnownFileType = sourcecode.swift; path = DetailVC.swift; sourceTree = "<group>"; };
		034880A72175EDE200662460 /* GoogleService-Info.plist */ = {isa = PBXFileReference; fileEncoding = 4; lastKnownFileType = text.plist.xml; path = "GoogleService-Info.plist"; sourceTree = "<group>"; };
		034880E321777FA200662460 /* ProfileUserVC.swift */ = {isa = PBXFileReference; lastKnownFileType = sourcecode.swift; path = ProfileUserVC.swift; sourceTree = "<group>"; };
		0353258C21636D97006152DA /* Auth.storyboard */ = {isa = PBXFileReference; fileEncoding = 4; lastKnownFileType = file.storyboard; path = Auth.storyboard; sourceTree = "<group>"; };
		0353258F21636DDA006152DA /* LoginVC.swift */ = {isa = PBXFileReference; fileEncoding = 4; lastKnownFileType = sourcecode.swift; path = LoginVC.swift; sourceTree = "<group>"; };
		0353259021636DDA006152DA /* RegisterVC.swift */ = {isa = PBXFileReference; fileEncoding = 4; lastKnownFileType = sourcecode.swift; path = RegisterVC.swift; sourceTree = "<group>"; };
		0353259321636EDA006152DA /* Profile.storyboard */ = {isa = PBXFileReference; fileEncoding = 4; lastKnownFileType = file.storyboard; path = Profile.storyboard; sourceTree = "<group>"; };
		0353259421636EDB006152DA /* Tabbar.storyboard */ = {isa = PBXFileReference; fileEncoding = 4; lastKnownFileType = file.storyboard; path = Tabbar.storyboard; sourceTree = "<group>"; };
		0353259521636EDB006152DA /* Post.storyboard */ = {isa = PBXFileReference; fileEncoding = 4; lastKnownFileType = file.storyboard; path = Post.storyboard; sourceTree = "<group>"; };
		0353259621636EDB006152DA /* Dashboard.storyboard */ = {isa = PBXFileReference; fileEncoding = 4; lastKnownFileType = file.storyboard; path = Dashboard.storyboard; sourceTree = "<group>"; };
		0353259B21636F24006152DA /* _GoogleService-Info.plist */ = {isa = PBXFileReference; fileEncoding = 4; lastKnownFileType = text.plist.xml; path = "_GoogleService-Info.plist"; sourceTree = "<group>"; };
		0353259E21636F64006152DA /* AuthApi.swift */ = {isa = PBXFileReference; fileEncoding = 4; lastKnownFileType = sourcecode.swift; path = AuthApi.swift; sourceTree = "<group>"; };
		0353259F21636F64006152DA /* Api.swift */ = {isa = PBXFileReference; fileEncoding = 4; lastKnownFileType = sourcecode.swift; path = Api.swift; sourceTree = "<group>"; };
		035325A021636F64006152DA /* UsersApi.swift */ = {isa = PBXFileReference; fileEncoding = 4; lastKnownFileType = sourcecode.swift; path = UsersApi.swift; sourceTree = "<group>"; };
		035325A421637048006152DA /* ProfileVC.swift */ = {isa = PBXFileReference; fileEncoding = 4; lastKnownFileType = sourcecode.swift; path = ProfileVC.swift; sourceTree = "<group>"; };
		035325A521637049006152DA /* DashboardVC.swift */ = {isa = PBXFileReference; fileEncoding = 4; lastKnownFileType = sourcecode.swift; path = DashboardVC.swift; sourceTree = "<group>"; };
		035325A621637049006152DA /* PostVC.swift */ = {isa = PBXFileReference; fileEncoding = 4; lastKnownFileType = sourcecode.swift; path = PostVC.swift; sourceTree = "<group>"; };
		035325AB21637085006152DA /* UserModel.swift */ = {isa = PBXFileReference; fileEncoding = 4; lastKnownFileType = sourcecode.swift; path = UserModel.swift; sourceTree = "<group>"; };
		035325AD21637A3D006152DA /* DatabaseService.swift */ = {isa = PBXFileReference; lastKnownFileType = sourcecode.swift; path = DatabaseService.swift; sourceTree = "<group>"; };
		035325AF216380C3006152DA /* Congif.swift */ = {isa = PBXFileReference; lastKnownFileType = sourcecode.swift; path = Congif.swift; sourceTree = "<group>"; };
		036BA4F12178FD7A00D89F2F /* SettingTVC.swift */ = {isa = PBXFileReference; lastKnownFileType = sourcecode.swift; path = SettingTVC.swift; sourceTree = "<group>"; };
		0370B23A2164CB69006D4A03 /* Post.swift */ = {isa = PBXFileReference; lastKnownFileType = sourcecode.swift; path = Post.swift; sourceTree = "<group>"; };
		0370B23C2164CF43006D4A03 /* PostApi.swift */ = {isa = PBXFileReference; lastKnownFileType = sourcecode.swift; path = PostApi.swift; sourceTree = "<group>"; };
		0371A2B721652E71000FDDA8 /* DashboardTVCell.swift */ = {isa = PBXFileReference; lastKnownFileType = sourcecode.swift; path = DashboardTVCell.swift; sourceTree = "<group>"; };
		0371A2B921676F8C000FDDA8 /* CommentVC.swift */ = {isa = PBXFileReference; lastKnownFileType = sourcecode.swift; path = CommentVC.swift; sourceTree = "<group>"; };
		0371A2BB21676FEF000FDDA8 /* CommentTVCell.swift */ = {isa = PBXFileReference; lastKnownFileType = sourcecode.swift; path = CommentTVCell.swift; sourceTree = "<group>"; };
		0371A2BD216788BD000FDDA8 /* Comment.swift */ = {isa = PBXFileReference; lastKnownFileType = sourcecode.swift; path = Comment.swift; sourceTree = "<group>"; };
		03CBC9112170AE5B0042305F /* DiscoverVC.swift */ = {isa = PBXFileReference; lastKnownFileType = sourcecode.swift; path = DiscoverVC.swift; sourceTree = "<group>"; };
		03CBC9132170AE940042305F /* DiscoverTVCell.swift */ = {isa = PBXFileReference; lastKnownFileType = sourcecode.swift; path = DiscoverTVCell.swift; sourceTree = "<group>"; };
		03CBC9152170BC990042305F /* FollowApi.swift */ = {isa = PBXFileReference; lastKnownFileType = sourcecode.swift; path = FollowApi.swift; sourceTree = "<group>"; };
		03D0DC50216363C9009AA0E9 /* SocialApp.app */ = {isa = PBXFileReference; explicitFileType = wrapper.application; includeInIndex = 0; path = SocialApp.app; sourceTree = BUILT_PRODUCTS_DIR; };
		03D0DC53216363C9009AA0E9 /* AppDelegate.swift */ = {isa = PBXFileReference; lastKnownFileType = sourcecode.swift; path = AppDelegate.swift; sourceTree = "<group>"; };
		03D0DC5A216363CB009AA0E9 /* Assets.xcassets */ = {isa = PBXFileReference; lastKnownFileType = folder.assetcatalog; path = Assets.xcassets; sourceTree = "<group>"; };
		03D0DC5D216363CB009AA0E9 /* Base */ = {isa = PBXFileReference; lastKnownFileType = file.storyboard; name = Base; path = Base.lproj/LaunchScreen.storyboard; sourceTree = "<group>"; };
		03D0DC5F216363CB009AA0E9 /* Info.plist */ = {isa = PBXFileReference; lastKnownFileType = text.plist.xml; path = Info.plist; sourceTree = "<group>"; };
		03D0DC64216363CB009AA0E9 /* SocialAppTests.xctest */ = {isa = PBXFileReference; explicitFileType = wrapper.cfbundle; includeInIndex = 0; path = SocialAppTests.xctest; sourceTree = BUILT_PRODUCTS_DIR; };
		03D0DC68216363CB009AA0E9 /* SocialAppTests.swift */ = {isa = PBXFileReference; lastKnownFileType = sourcecode.swift; path = SocialAppTests.swift; sourceTree = "<group>"; };
		03D0DC6A216363CB009AA0E9 /* Info.plist */ = {isa = PBXFileReference; lastKnownFileType = text.plist.xml; path = Info.plist; sourceTree = "<group>"; };
		03D0DC6F216363CB009AA0E9 /* SocialAppUITests.xctest */ = {isa = PBXFileReference; explicitFileType = wrapper.cfbundle; includeInIndex = 0; path = SocialAppUITests.xctest; sourceTree = BUILT_PRODUCTS_DIR; };
		03D0DC73216363CB009AA0E9 /* SocialAppUITests.swift */ = {isa = PBXFileReference; lastKnownFileType = sourcecode.swift; path = SocialAppUITests.swift; sourceTree = "<group>"; };
		03D0DC75216363CB009AA0E9 /* Info.plist */ = {isa = PBXFileReference; lastKnownFileType = text.plist.xml; path = Info.plist; sourceTree = "<group>"; };
		03F487B1216A323000B3CD71 /* CommentApi.swift */ = {isa = PBXFileReference; lastKnownFileType = sourcecode.swift; path = CommentApi.swift; sourceTree = "<group>"; };
		03F487B3216C9AB900B3CD71 /* Post_CommentApi.swift */ = {isa = PBXFileReference; lastKnownFileType = sourcecode.swift; path = Post_CommentApi.swift; sourceTree = "<group>"; };
		03F487B5216E54B900B3CD71 /* HeaderProfileCollectionReusableView.swift */ = {isa = PBXFileReference; lastKnownFileType = sourcecode.swift; path = HeaderProfileCollectionReusableView.swift; sourceTree = "<group>"; };
		03F78378216F733900C8411A /* UserPostsApi.swift */ = {isa = PBXFileReference; lastKnownFileType = sourcecode.swift; path = UserPostsApi.swift; sourceTree = "<group>"; };
		03F7837A216F8EE800C8411A /* PhotoCVCell.swift */ = {isa = PBXFileReference; lastKnownFileType = sourcecode.swift; path = PhotoCVCell.swift; sourceTree = "<group>"; };
		088C958B75E5003B6F09667E /* Pods-SocialApp.release.xcconfig */ = {isa = PBXFileReference; includeInIndex = 1; lastKnownFileType = text.xcconfig; name = "Pods-SocialApp.release.xcconfig"; path = "Pods/Target Support Files/Pods-SocialApp/Pods-SocialApp.release.xcconfig"; sourceTree = "<group>"; };
		0BCA86F40A5B70C2EC61971A /* Pods-SocialAppUITests.debug.xcconfig */ = {isa = PBXFileReference; includeInIndex = 1; lastKnownFileType = text.xcconfig; name = "Pods-SocialAppUITests.debug.xcconfig"; path = "Pods/Target Support Files/Pods-SocialAppUITests/Pods-SocialAppUITests.debug.xcconfig"; sourceTree = "<group>"; };
		226839638A0947D3F2F43835 /* Pods_SocialAppUITests.framework */ = {isa = PBXFileReference; explicitFileType = wrapper.framework; includeInIndex = 0; path = Pods_SocialAppUITests.framework; sourceTree = BUILT_PRODUCTS_DIR; };
		3805FCFE7644F497519B6615 /* Pods_SocialApp.framework */ = {isa = PBXFileReference; explicitFileType = wrapper.framework; includeInIndex = 0; path = Pods_SocialApp.framework; sourceTree = BUILT_PRODUCTS_DIR; };
		39F0ACA642BE98731025BBFC /* Pods-SocialAppUITests.release.xcconfig */ = {isa = PBXFileReference; includeInIndex = 1; lastKnownFileType = text.xcconfig; name = "Pods-SocialAppUITests.release.xcconfig"; path = "Pods/Target Support Files/Pods-SocialAppUITests/Pods-SocialAppUITests.release.xcconfig"; sourceTree = "<group>"; };
		5677B471A6953D67CD6016E0 /* Pods_SocialAppTests.framework */ = {isa = PBXFileReference; explicitFileType = wrapper.framework; includeInIndex = 0; path = Pods_SocialAppTests.framework; sourceTree = BUILT_PRODUCTS_DIR; };
		AC726E29A607256E6385428E /* Pods-SocialAppTests.release.xcconfig */ = {isa = PBXFileReference; includeInIndex = 1; lastKnownFileType = text.xcconfig; name = "Pods-SocialAppTests.release.xcconfig"; path = "Pods/Target Support Files/Pods-SocialAppTests/Pods-SocialAppTests.release.xcconfig"; sourceTree = "<group>"; };
		B37C2CEFE83FD18764DB6CE8 /* Pods-SocialAppTests.debug.xcconfig */ = {isa = PBXFileReference; includeInIndex = 1; lastKnownFileType = text.xcconfig; name = "Pods-SocialAppTests.debug.xcconfig"; path = "Pods/Target Support Files/Pods-SocialAppTests/Pods-SocialAppTests.debug.xcconfig"; sourceTree = "<group>"; };
		C94A38FA15F368F3A6F2B45F /* Pods-SocialApp.debug.xcconfig */ = {isa = PBXFileReference; includeInIndex = 1; lastKnownFileType = text.xcconfig; name = "Pods-SocialApp.debug.xcconfig"; path = "Pods/Target Support Files/Pods-SocialApp/Pods-SocialApp.debug.xcconfig"; sourceTree = "<group>"; };
/* End PBXFileReference section */

/* Begin PBXFrameworksBuildPhase section */
		03D0DC4D216363C9009AA0E9 /* Frameworks */ = {
			isa = PBXFrameworksBuildPhase;
			buildActionMask = 2147483647;
			files = (
				E00C5951035FCD2C4565F0F3 /* Pods_SocialApp.framework in Frameworks */,
			);
			runOnlyForDeploymentPostprocessing = 0;
		};
		03D0DC61216363CB009AA0E9 /* Frameworks */ = {
			isa = PBXFrameworksBuildPhase;
			buildActionMask = 2147483647;
			files = (
				5884C7E6855E901A78031160 /* Pods_SocialAppTests.framework in Frameworks */,
			);
			runOnlyForDeploymentPostprocessing = 0;
		};
		03D0DC6C216363CB009AA0E9 /* Frameworks */ = {
			isa = PBXFrameworksBuildPhase;
			buildActionMask = 2147483647;
			files = (
				B671D3D684E4C3655A90F5F2 /* Pods_SocialAppUITests.framework in Frameworks */,
			);
			runOnlyForDeploymentPostprocessing = 0;
		};
/* End PBXFrameworksBuildPhase section */

/* Begin PBXGroup section */
		01CDF81295DB6AE59A27D178 /* Pods */ = {
			isa = PBXGroup;
			children = (
				C94A38FA15F368F3A6F2B45F /* Pods-SocialApp.debug.xcconfig */,
				088C958B75E5003B6F09667E /* Pods-SocialApp.release.xcconfig */,
				B37C2CEFE83FD18764DB6CE8 /* Pods-SocialAppTests.debug.xcconfig */,
				AC726E29A607256E6385428E /* Pods-SocialAppTests.release.xcconfig */,
				0BCA86F40A5B70C2EC61971A /* Pods-SocialAppUITests.debug.xcconfig */,
				39F0ACA642BE98731025BBFC /* Pods-SocialAppUITests.release.xcconfig */,
			);
			name = Pods;
			sourceTree = "<group>";
		};
		0353258B21636D77006152DA /* Storyboards */ = {
			isa = PBXGroup;
			children = (
				0353258C21636D97006152DA /* Auth.storyboard */,
				0353259421636EDB006152DA /* Tabbar.storyboard */,
				0353259621636EDB006152DA /* Dashboard.storyboard */,
				0348809F217363DF00662460 /* Explore.storyboard */,
				0353259521636EDB006152DA /* Post.storyboard */,
				0353259321636EDA006152DA /* Profile.storyboard */,
			);
			path = Storyboards;
			sourceTree = "<group>";
		};
		0353258E21636DB4006152DA /* Controllers */ = {
			isa = PBXGroup;
			children = (
				0353258F21636DDA006152DA /* LoginVC.swift */,
				0353259021636DDA006152DA /* RegisterVC.swift */,
				035325A521637049006152DA /* DashboardVC.swift */,
				0371A2B921676F8C000FDDA8 /* CommentVC.swift */,
				035325A621637049006152DA /* PostVC.swift */,
				035325A421637048006152DA /* ProfileVC.swift */,
				034880E321777FA200662460 /* ProfileUserVC.swift */,
				03CBC9112170AE5B0042305F /* DiscoverVC.swift */,
				034880A1217368D600662460 /* ExploreVC.swift */,
				034880A32173695000662460 /* SearchVC.swift */,
				034880A52175E01700662460 /* DetailVC.swift */,
				036BA4F12178FD7A00D89F2F /* SettingTVC.swift */,
			);
			path = Controllers;
			sourceTree = "<group>";
		};
		0353259D21636F57006152DA /* Api */ = {
			isa = PBXGroup;
			children = (
				035325AD21637A3D006152DA /* DatabaseService.swift */,
				0353259F21636F64006152DA /* Api.swift */,
				0353259E21636F64006152DA /* AuthApi.swift */,
				0370B23C2164CF43006D4A03 /* PostApi.swift */,
				0348809D2173404B00662460 /* FeedApi.swift */,
				03F78378216F733900C8411A /* UserPostsApi.swift */,
				035325A021636F64006152DA /* UsersApi.swift */,
				03F487B1216A323000B3CD71 /* CommentApi.swift */,
				03F487B3216C9AB900B3CD71 /* Post_CommentApi.swift */,
				03CBC9152170BC990042305F /* FollowApi.swift */,
			);
			path = Api;
			sourceTree = "<group>";
		};
		035325AA21637074006152DA /* Model */ = {
			isa = PBXGroup;
			children = (
				035325AB21637085006152DA /* UserModel.swift */,
				0371A2BD216788BD000FDDA8 /* Comment.swift */,
				0370B23A2164CB69006D4A03 /* Post.swift */,
			);
			path = Model;
			sourceTree = "<group>";
		};
		0371A2B621652E1B000FDDA8 /* Views */ = {
			isa = PBXGroup;
			children = (
				0371A2B721652E71000FDDA8 /* DashboardTVCell.swift */,
				0371A2BB21676FEF000FDDA8 /* CommentTVCell.swift */,
				03F487B5216E54B900B3CD71 /* HeaderProfileCollectionReusableView.swift */,
				03F7837A216F8EE800C8411A /* PhotoCVCell.swift */,
				03CBC9132170AE940042305F /* DiscoverTVCell.swift */,
			);
			path = Views;
			sourceTree = "<group>";
		};
		03D0DC47216363C9009AA0E9 = {
			isa = PBXGroup;
			children = (
				03D0DC52216363C9009AA0E9 /* SocialApp */,
				03D0DC67216363CB009AA0E9 /* SocialAppTests */,
				03D0DC72216363CB009AA0E9 /* SocialAppUITests */,
				03D0DC51216363C9009AA0E9 /* Products */,
				01CDF81295DB6AE59A27D178 /* Pods */,
				32A6FF4C38726F0FA7AFE690 /* Frameworks */,
			);
			sourceTree = "<group>";
		};
		03D0DC51216363C9009AA0E9 /* Products */ = {
			isa = PBXGroup;
			children = (
				03D0DC50216363C9009AA0E9 /* SocialApp.app */,
				03D0DC64216363CB009AA0E9 /* SocialAppTests.xctest */,
				03D0DC6F216363CB009AA0E9 /* SocialAppUITests.xctest */,
			);
			name = Products;
			sourceTree = "<group>";
		};
		03D0DC52216363C9009AA0E9 /* SocialApp */ = {
			isa = PBXGroup;
			children = (
				035325AF216380C3006152DA /* Congif.swift */,
				0353259D21636F57006152DA /* Api */,
				0371A2B621652E1B000FDDA8 /* Views */,
				035325AA21637074006152DA /* Model */,
				0353258E21636DB4006152DA /* Controllers */,
				0353258B21636D77006152DA /* Storyboards */,
				03D0DC5C216363CB009AA0E9 /* LaunchScreen.storyboard */,
				03D0DC5A216363CB009AA0E9 /* Assets.xcassets */,
				03D0DC5F216363CB009AA0E9 /* Info.plist */,
				034880A72175EDE200662460 /* GoogleService-Info.plist */,
				0353259B21636F24006152DA /* _GoogleService-Info.plist */,
				03D0DC53216363C9009AA0E9 /* AppDelegate.swift */,
			);
			path = SocialApp;
			sourceTree = "<group>";
		};
		03D0DC67216363CB009AA0E9 /* SocialAppTests */ = {
			isa = PBXGroup;
			children = (
				03D0DC68216363CB009AA0E9 /* SocialAppTests.swift */,
				03D0DC6A216363CB009AA0E9 /* Info.plist */,
			);
			path = SocialAppTests;
			sourceTree = "<group>";
		};
		03D0DC72216363CB009AA0E9 /* SocialAppUITests */ = {
			isa = PBXGroup;
			children = (
				03D0DC73216363CB009AA0E9 /* SocialAppUITests.swift */,
				03D0DC75216363CB009AA0E9 /* Info.plist */,
			);
			path = SocialAppUITests;
			sourceTree = "<group>";
		};
		32A6FF4C38726F0FA7AFE690 /* Frameworks */ = {
			isa = PBXGroup;
			children = (
				3805FCFE7644F497519B6615 /* Pods_SocialApp.framework */,
				5677B471A6953D67CD6016E0 /* Pods_SocialAppTests.framework */,
				226839638A0947D3F2F43835 /* Pods_SocialAppUITests.framework */,
			);
			name = Frameworks;
			sourceTree = "<group>";
		};
/* End PBXGroup section */

/* Begin PBXNativeTarget section */
		03D0DC4F216363C9009AA0E9 /* SocialApp */ = {
			isa = PBXNativeTarget;
			buildConfigurationList = 03D0DC78216363CB009AA0E9 /* Build configuration list for PBXNativeTarget "SocialApp" */;
			buildPhases = (
				B80545A180D20D355CD33BDA /* [CP] Check Pods Manifest.lock */,
				03D0DC4C216363C9009AA0E9 /* Sources */,
				03D0DC4D216363C9009AA0E9 /* Frameworks */,
				03D0DC4E216363C9009AA0E9 /* Resources */,
				52DD7A614865388CBE98B715 /* [CP] Embed Pods Frameworks */,
				2908754656EE6DA95F75693A /* [CP] Copy Pods Resources */,
			);
			buildRules = (
			);
			dependencies = (
			);
			name = SocialApp;
			productName = SocialApp;
			productReference = 03D0DC50216363C9009AA0E9 /* SocialApp.app */;
			productType = "com.apple.product-type.application";
		};
		03D0DC63216363CB009AA0E9 /* SocialAppTests */ = {
			isa = PBXNativeTarget;
			buildConfigurationList = 03D0DC7B216363CB009AA0E9 /* Build configuration list for PBXNativeTarget "SocialAppTests" */;
			buildPhases = (
				0BCED9AD166B6B23E0137F66 /* [CP] Check Pods Manifest.lock */,
				03D0DC60216363CB009AA0E9 /* Sources */,
				03D0DC61216363CB009AA0E9 /* Frameworks */,
				03D0DC62216363CB009AA0E9 /* Resources */,
				B2009D4D1E789FD353EAF782 /* [CP] Embed Pods Frameworks */,
				389CB8C6FB04F9AA2C4CC45B /* [CP] Copy Pods Resources */,
			);
			buildRules = (
			);
			dependencies = (
				03D0DC66216363CB009AA0E9 /* PBXTargetDependency */,
			);
			name = SocialAppTests;
			productName = SocialAppTests;
			productReference = 03D0DC64216363CB009AA0E9 /* SocialAppTests.xctest */;
			productType = "com.apple.product-type.bundle.unit-test";
		};
		03D0DC6E216363CB009AA0E9 /* SocialAppUITests */ = {
			isa = PBXNativeTarget;
			buildConfigurationList = 03D0DC7E216363CB009AA0E9 /* Build configuration list for PBXNativeTarget "SocialAppUITests" */;
			buildPhases = (
				4AB6DE581B360AC78D3AD4DB /* [CP] Check Pods Manifest.lock */,
				03D0DC6B216363CB009AA0E9 /* Sources */,
				03D0DC6C216363CB009AA0E9 /* Frameworks */,
				03D0DC6D216363CB009AA0E9 /* Resources */,
				7E80FC7B8914F024E7A3C8B9 /* [CP] Embed Pods Frameworks */,
				A800AFB87C94032228DAA7AA /* [CP] Copy Pods Resources */,
			);
			buildRules = (
			);
			dependencies = (
				03D0DC71216363CB009AA0E9 /* PBXTargetDependency */,
			);
			name = SocialAppUITests;
			productName = SocialAppUITests;
			productReference = 03D0DC6F216363CB009AA0E9 /* SocialAppUITests.xctest */;
			productType = "com.apple.product-type.bundle.ui-testing";
		};
/* End PBXNativeTarget section */

/* Begin PBXProject section */
		03D0DC48216363C9009AA0E9 /* Project object */ = {
			isa = PBXProject;
			attributes = {
				LastSwiftUpdateCheck = 1000;
				LastUpgradeCheck = 1000;
				ORGANIZATIONNAME = "Bold Lion";
				TargetAttributes = {
					03D0DC4F216363C9009AA0E9 = {
						CreatedOnToolsVersion = 10.0;
					};
					03D0DC63216363CB009AA0E9 = {
						CreatedOnToolsVersion = 10.0;
						TestTargetID = 03D0DC4F216363C9009AA0E9;
					};
					03D0DC6E216363CB009AA0E9 = {
						CreatedOnToolsVersion = 10.0;
						TestTargetID = 03D0DC4F216363C9009AA0E9;
					};
				};
			};
			buildConfigurationList = 03D0DC4B216363C9009AA0E9 /* Build configuration list for PBXProject "SocialApp" */;
			compatibilityVersion = "Xcode 9.3";
			developmentRegion = en;
			hasScannedForEncodings = 0;
			knownRegions = (
				en,
				Base,
			);
			mainGroup = 03D0DC47216363C9009AA0E9;
			productRefGroup = 03D0DC51216363C9009AA0E9 /* Products */;
			projectDirPath = "";
			projectRoot = "";
			targets = (
				03D0DC4F216363C9009AA0E9 /* SocialApp */,
				03D0DC63216363CB009AA0E9 /* SocialAppTests */,
				03D0DC6E216363CB009AA0E9 /* SocialAppUITests */,
			);
		};
/* End PBXProject section */

/* Begin PBXResourcesBuildPhase section */
		03D0DC4E216363C9009AA0E9 /* Resources */ = {
			isa = PBXResourcesBuildPhase;
			buildActionMask = 2147483647;
			files = (
				0353259821636EDB006152DA /* Tabbar.storyboard in Resources */,
				0353259C21636F24006152DA /* _GoogleService-Info.plist in Resources */,
				0353258D21636D97006152DA /* Auth.storyboard in Resources */,
				03D0DC5E216363CB009AA0E9 /* LaunchScreen.storyboard in Resources */,
				034880A0217363DF00662460 /* Explore.storyboard in Resources */,
				0353259721636EDB006152DA /* Profile.storyboard in Resources */,
				0353259921636EDB006152DA /* Post.storyboard in Resources */,
				034880A82175EDE200662460 /* GoogleService-Info.plist in Resources */,
				0353259A21636EDB006152DA /* Dashboard.storyboard in Resources */,
				03D0DC5B216363CB009AA0E9 /* Assets.xcassets in Resources */,
			);
			runOnlyForDeploymentPostprocessing = 0;
		};
		03D0DC62216363CB009AA0E9 /* Resources */ = {
			isa = PBXResourcesBuildPhase;
			buildActionMask = 2147483647;
			files = (
			);
			runOnlyForDeploymentPostprocessing = 0;
		};
		03D0DC6D216363CB009AA0E9 /* Resources */ = {
			isa = PBXResourcesBuildPhase;
			buildActionMask = 2147483647;
			files = (
			);
			runOnlyForDeploymentPostprocessing = 0;
		};
/* End PBXResourcesBuildPhase section */

/* Begin PBXShellScriptBuildPhase section */
		0BCED9AD166B6B23E0137F66 /* [CP] Check Pods Manifest.lock */ = {
			isa = PBXShellScriptBuildPhase;
			buildActionMask = 2147483647;
			files = (
			);
			inputPaths = (
				"${PODS_PODFILE_DIR_PATH}/Podfile.lock",
				"${PODS_ROOT}/Manifest.lock",
			);
			name = "[CP] Check Pods Manifest.lock";
			outputPaths = (
				"$(DERIVED_FILE_DIR)/Pods-SocialAppTests-checkManifestLockResult.txt",
			);
			runOnlyForDeploymentPostprocessing = 0;
			shellPath = /bin/sh;
			shellScript = "diff \"${PODS_PODFILE_DIR_PATH}/Podfile.lock\" \"${PODS_ROOT}/Manifest.lock\" > /dev/null\nif [ $? != 0 ] ; then\n    # print error to STDERR\n    echo \"error: The sandbox is not in sync with the Podfile.lock. Run 'pod install' or update your CocoaPods installation.\" >&2\n    exit 1\nfi\n# This output is used by Xcode 'outputs' to avoid re-running this script phase.\necho \"SUCCESS\" > \"${SCRIPT_OUTPUT_FILE_0}\"\n";
			showEnvVarsInLog = 0;
		};
		2908754656EE6DA95F75693A /* [CP] Copy Pods Resources */ = {
			isa = PBXShellScriptBuildPhase;
			buildActionMask = 2147483647;
			files = (
			);
			inputPaths = (
			);
			name = "[CP] Copy Pods Resources";
			outputPaths = (
			);
			runOnlyForDeploymentPostprocessing = 0;
			shellPath = /bin/sh;
			shellScript = "\"${SRCROOT}/Pods/Target Support Files/Pods-SocialApp/Pods-SocialApp-resources.sh\"\n";
			showEnvVarsInLog = 0;
		};
		389CB8C6FB04F9AA2C4CC45B /* [CP] Copy Pods Resources */ = {
			isa = PBXShellScriptBuildPhase;
			buildActionMask = 2147483647;
			files = (
			);
			inputPaths = (
			);
			name = "[CP] Copy Pods Resources";
			outputPaths = (
			);
			runOnlyForDeploymentPostprocessing = 0;
			shellPath = /bin/sh;
			shellScript = "\"${SRCROOT}/Pods/Target Support Files/Pods-SocialAppTests/Pods-SocialAppTests-resources.sh\"\n";
			showEnvVarsInLog = 0;
		};
		4AB6DE581B360AC78D3AD4DB /* [CP] Check Pods Manifest.lock */ = {
			isa = PBXShellScriptBuildPhase;
			buildActionMask = 2147483647;
			files = (
			);
			inputPaths = (
				"${PODS_PODFILE_DIR_PATH}/Podfile.lock",
				"${PODS_ROOT}/Manifest.lock",
			);
			name = "[CP] Check Pods Manifest.lock";
			outputPaths = (
				"$(DERIVED_FILE_DIR)/Pods-SocialAppUITests-checkManifestLockResult.txt",
			);
			runOnlyForDeploymentPostprocessing = 0;
			shellPath = /bin/sh;
			shellScript = "diff \"${PODS_PODFILE_DIR_PATH}/Podfile.lock\" \"${PODS_ROOT}/Manifest.lock\" > /dev/null\nif [ $? != 0 ] ; then\n    # print error to STDERR\n    echo \"error: The sandbox is not in sync with the Podfile.lock. Run 'pod install' or update your CocoaPods installation.\" >&2\n    exit 1\nfi\n# This output is used by Xcode 'outputs' to avoid re-running this script phase.\necho \"SUCCESS\" > \"${SCRIPT_OUTPUT_FILE_0}\"\n";
			showEnvVarsInLog = 0;
		};
		52DD7A614865388CBE98B715 /* [CP] Embed Pods Frameworks */ = {
			isa = PBXShellScriptBuildPhase;
			buildActionMask = 2147483647;
			files = (
			);
			inputPaths = (
				"${SRCROOT}/Pods/Target Support Files/Pods-SocialApp/Pods-SocialApp-frameworks.sh",
				"${BUILT_PRODUCTS_DIR}/GTMSessionFetcher/GTMSessionFetcher.framework",
				"${BUILT_PRODUCTS_DIR}/GoogleToolboxForMac/GoogleToolboxForMac.framework",
				"${BUILT_PRODUCTS_DIR}/SDWebImage/SDWebImage.framework",
				"${BUILT_PRODUCTS_DIR}/SVProgressHUD/SVProgressHUD.framework",
				"${BUILT_PRODUCTS_DIR}/leveldb-library/leveldb.framework",
				"${BUILT_PRODUCTS_DIR}/nanopb/nanopb.framework",
			);
			name = "[CP] Embed Pods Frameworks";
			outputPaths = (
				"${TARGET_BUILD_DIR}/${FRAMEWORKS_FOLDER_PATH}/GTMSessionFetcher.framework",
				"${TARGET_BUILD_DIR}/${FRAMEWORKS_FOLDER_PATH}/GoogleToolboxForMac.framework",
				"${TARGET_BUILD_DIR}/${FRAMEWORKS_FOLDER_PATH}/SDWebImage.framework",
				"${TARGET_BUILD_DIR}/${FRAMEWORKS_FOLDER_PATH}/SVProgressHUD.framework",
				"${TARGET_BUILD_DIR}/${FRAMEWORKS_FOLDER_PATH}/leveldb.framework",
				"${TARGET_BUILD_DIR}/${FRAMEWORKS_FOLDER_PATH}/nanopb.framework",
			);
			runOnlyForDeploymentPostprocessing = 0;
			shellPath = /bin/sh;
			shellScript = "\"${SRCROOT}/Pods/Target Support Files/Pods-SocialApp/Pods-SocialApp-frameworks.sh\"\n";
			showEnvVarsInLog = 0;
		};
		7E80FC7B8914F024E7A3C8B9 /* [CP] Embed Pods Frameworks */ = {
			isa = PBXShellScriptBuildPhase;
			buildActionMask = 2147483647;
			files = (
			);
			inputPaths = (
			);
			name = "[CP] Embed Pods Frameworks";
			outputPaths = (
			);
			runOnlyForDeploymentPostprocessing = 0;
			shellPath = /bin/sh;
			shellScript = "\"${SRCROOT}/Pods/Target Support Files/Pods-SocialAppUITests/Pods-SocialAppUITests-frameworks.sh\"\n";
			showEnvVarsInLog = 0;
		};
		A800AFB87C94032228DAA7AA /* [CP] Copy Pods Resources */ = {
			isa = PBXShellScriptBuildPhase;
			buildActionMask = 2147483647;
			files = (
			);
			inputPaths = (
			);
			name = "[CP] Copy Pods Resources";
			outputPaths = (
			);
			runOnlyForDeploymentPostprocessing = 0;
			shellPath = /bin/sh;
			shellScript = "\"${SRCROOT}/Pods/Target Support Files/Pods-SocialAppUITests/Pods-SocialAppUITests-resources.sh\"\n";
			showEnvVarsInLog = 0;
		};
		B2009D4D1E789FD353EAF782 /* [CP] Embed Pods Frameworks */ = {
			isa = PBXShellScriptBuildPhase;
			buildActionMask = 2147483647;
			files = (
			);
			inputPaths = (
			);
			name = "[CP] Embed Pods Frameworks";
			outputPaths = (
			);
			runOnlyForDeploymentPostprocessing = 0;
			shellPath = /bin/sh;
			shellScript = "\"${SRCROOT}/Pods/Target Support Files/Pods-SocialAppTests/Pods-SocialAppTests-frameworks.sh\"\n";
			showEnvVarsInLog = 0;
		};
		B80545A180D20D355CD33BDA /* [CP] Check Pods Manifest.lock */ = {
			isa = PBXShellScriptBuildPhase;
			buildActionMask = 2147483647;
			files = (
			);
			inputPaths = (
				"${PODS_PODFILE_DIR_PATH}/Podfile.lock",
				"${PODS_ROOT}/Manifest.lock",
			);
			name = "[CP] Check Pods Manifest.lock";
			outputPaths = (
				"$(DERIVED_FILE_DIR)/Pods-SocialApp-checkManifestLockResult.txt",
			);
			runOnlyForDeploymentPostprocessing = 0;
			shellPath = /bin/sh;
			shellScript = "diff \"${PODS_PODFILE_DIR_PATH}/Podfile.lock\" \"${PODS_ROOT}/Manifest.lock\" > /dev/null\nif [ $? != 0 ] ; then\n    # print error to STDERR\n    echo \"error: The sandbox is not in sync with the Podfile.lock. Run 'pod install' or update your CocoaPods installation.\" >&2\n    exit 1\nfi\n# This output is used by Xcode 'outputs' to avoid re-running this script phase.\necho \"SUCCESS\" > \"${SCRIPT_OUTPUT_FILE_0}\"\n";
			showEnvVarsInLog = 0;
		};
/* End PBXShellScriptBuildPhase section */

/* Begin PBXSourcesBuildPhase section */
		03D0DC4C216363C9009AA0E9 /* Sources */ = {
			isa = PBXSourcesBuildPhase;
			buildActionMask = 2147483647;
			files = (
				035325A121636F64006152DA /* AuthApi.swift in Sources */,
				035325A321636F64006152DA /* UsersApi.swift in Sources */,
				0348809E2173404B00662460 /* FeedApi.swift in Sources */,
				0371A2B821652E71000FDDA8 /* DashboardTVCell.swift in Sources */,
				03F487B6216E54B900B3CD71 /* HeaderProfileCollectionReusableView.swift in Sources */,
				034880A62175E01700662460 /* DetailVC.swift in Sources */,
				0370B23D2164CF43006D4A03 /* PostApi.swift in Sources */,
				03F78379216F733900C8411A /* UserPostsApi.swift in Sources */,
				03CBC9142170AE940042305F /* DiscoverTVCell.swift in Sources */,
				035325A721637049006152DA /* ProfileVC.swift in Sources */,
				0353259221636DDA006152DA /* RegisterVC.swift in Sources */,
				034880A42173695000662460 /* SearchVC.swift in Sources */,
				034880A2217368D600662460 /* ExploreVC.swift in Sources */,
				0371A2BA21676F8C000FDDA8 /* CommentVC.swift in Sources */,
				0371A2BE216788BD000FDDA8 /* Comment.swift in Sources */,
				03F487B2216A323000B3CD71 /* CommentApi.swift in Sources */,
				03CBC9122170AE5B0042305F /* DiscoverVC.swift in Sources */,
				0370B23B2164CB69006D4A03 /* Post.swift in Sources */,
				0353259121636DDA006152DA /* LoginVC.swift in Sources */,
				03CBC9162170BC990042305F /* FollowApi.swift in Sources */,
				035325B0216380C3006152DA /* Congif.swift in Sources */,
				035325A821637049006152DA /* DashboardVC.swift in Sources */,
				036BA4F22178FD7A00D89F2F /* SettingTVC.swift in Sources */,
				035325A921637049006152DA /* PostVC.swift in Sources */,
				035325A221636F64006152DA /* Api.swift in Sources */,
				035325AC21637085006152DA /* UserModel.swift in Sources */,
				03D0DC54216363C9009AA0E9 /* AppDelegate.swift in Sources */,
				034880E421777FA200662460 /* ProfileUserVC.swift in Sources */,
				0371A2BC21676FEF000FDDA8 /* CommentTVCell.swift in Sources */,
				03F7837B216F8EE800C8411A /* PhotoCVCell.swift in Sources */,
				03F487B4216C9AB900B3CD71 /* Post_CommentApi.swift in Sources */,
				035325AE21637A3D006152DA /* DatabaseService.swift in Sources */,
			);
			runOnlyForDeploymentPostprocessing = 0;
		};
		03D0DC60216363CB009AA0E9 /* Sources */ = {
			isa = PBXSourcesBuildPhase;
			buildActionMask = 2147483647;
			files = (
				03D0DC69216363CB009AA0E9 /* SocialAppTests.swift in Sources */,
			);
			runOnlyForDeploymentPostprocessing = 0;
		};
		03D0DC6B216363CB009AA0E9 /* Sources */ = {
			isa = PBXSourcesBuildPhase;
			buildActionMask = 2147483647;
			files = (
				03D0DC74216363CB009AA0E9 /* SocialAppUITests.swift in Sources */,
			);
			runOnlyForDeploymentPostprocessing = 0;
		};
/* End PBXSourcesBuildPhase section */

/* Begin PBXTargetDependency section */
		03D0DC66216363CB009AA0E9 /* PBXTargetDependency */ = {
			isa = PBXTargetDependency;
			target = 03D0DC4F216363C9009AA0E9 /* SocialApp */;
			targetProxy = 03D0DC65216363CB009AA0E9 /* PBXContainerItemProxy */;
		};
		03D0DC71216363CB009AA0E9 /* PBXTargetDependency */ = {
			isa = PBXTargetDependency;
			target = 03D0DC4F216363C9009AA0E9 /* SocialApp */;
			targetProxy = 03D0DC70216363CB009AA0E9 /* PBXContainerItemProxy */;
		};
/* End PBXTargetDependency section */

/* Begin PBXVariantGroup section */
		03D0DC5C216363CB009AA0E9 /* LaunchScreen.storyboard */ = {
			isa = PBXVariantGroup;
			children = (
				03D0DC5D216363CB009AA0E9 /* Base */,
			);
			name = LaunchScreen.storyboard;
			sourceTree = "<group>";
		};
/* End PBXVariantGroup section */

/* Begin XCBuildConfiguration section */
		03D0DC76216363CB009AA0E9 /* Debug */ = {
			isa = XCBuildConfiguration;
			buildSettings = {
				ALWAYS_SEARCH_USER_PATHS = NO;
				CLANG_ANALYZER_NONNULL = YES;
				CLANG_ANALYZER_NUMBER_OBJECT_CONVERSION = YES_AGGRESSIVE;
				CLANG_CXX_LANGUAGE_STANDARD = "gnu++14";
				CLANG_CXX_LIBRARY = "libc++";
				CLANG_ENABLE_MODULES = YES;
				CLANG_ENABLE_OBJC_ARC = YES;
				CLANG_ENABLE_OBJC_WEAK = YES;
				CLANG_WARN_BLOCK_CAPTURE_AUTORELEASING = YES;
				CLANG_WARN_BOOL_CONVERSION = YES;
				CLANG_WARN_COMMA = YES;
				CLANG_WARN_CONSTANT_CONVERSION = YES;
				CLANG_WARN_DEPRECATED_OBJC_IMPLEMENTATIONS = YES;
				CLANG_WARN_DIRECT_OBJC_ISA_USAGE = YES_ERROR;
				CLANG_WARN_DOCUMENTATION_COMMENTS = YES;
				CLANG_WARN_EMPTY_BODY = YES;
				CLANG_WARN_ENUM_CONVERSION = YES;
				CLANG_WARN_INFINITE_RECURSION = YES;
				CLANG_WARN_INT_CONVERSION = YES;
				CLANG_WARN_NON_LITERAL_NULL_CONVERSION = YES;
				CLANG_WARN_OBJC_IMPLICIT_RETAIN_SELF = YES;
				CLANG_WARN_OBJC_LITERAL_CONVERSION = YES;
				CLANG_WARN_OBJC_ROOT_CLASS = YES_ERROR;
				CLANG_WARN_RANGE_LOOP_ANALYSIS = YES;
				CLANG_WARN_STRICT_PROTOTYPES = YES;
				CLANG_WARN_SUSPICIOUS_MOVE = YES;
				CLANG_WARN_UNGUARDED_AVAILABILITY = YES_AGGRESSIVE;
				CLANG_WARN_UNREACHABLE_CODE = YES;
				CLANG_WARN__DUPLICATE_METHOD_MATCH = YES;
				CODE_SIGN_IDENTITY = "iPhone Developer";
				COPY_PHASE_STRIP = NO;
				DEBUG_INFORMATION_FORMAT = dwarf;
				ENABLE_STRICT_OBJC_MSGSEND = YES;
				ENABLE_TESTABILITY = YES;
				GCC_C_LANGUAGE_STANDARD = gnu11;
				GCC_DYNAMIC_NO_PIC = NO;
				GCC_NO_COMMON_BLOCKS = YES;
				GCC_OPTIMIZATION_LEVEL = 0;
				GCC_PREPROCESSOR_DEFINITIONS = (
					"DEBUG=1",
					"$(inherited)",
				);
				GCC_WARN_64_TO_32_BIT_CONVERSION = YES;
				GCC_WARN_ABOUT_RETURN_TYPE = YES_ERROR;
				GCC_WARN_UNDECLARED_SELECTOR = YES;
				GCC_WARN_UNINITIALIZED_AUTOS = YES_AGGRESSIVE;
				GCC_WARN_UNUSED_FUNCTION = YES;
				GCC_WARN_UNUSED_VARIABLE = YES;
				IPHONEOS_DEPLOYMENT_TARGET = 12.0;
				MTL_ENABLE_DEBUG_INFO = INCLUDE_SOURCE;
				MTL_FAST_MATH = YES;
				ONLY_ACTIVE_ARCH = YES;
				SDKROOT = iphoneos;
				SWIFT_ACTIVE_COMPILATION_CONDITIONS = DEBUG;
				SWIFT_OPTIMIZATION_LEVEL = "-Onone";
			};
			name = Debug;
		};
		03D0DC77216363CB009AA0E9 /* Release */ = {
			isa = XCBuildConfiguration;
			buildSettings = {
				ALWAYS_SEARCH_USER_PATHS = NO;
				CLANG_ANALYZER_NONNULL = YES;
				CLANG_ANALYZER_NUMBER_OBJECT_CONVERSION = YES_AGGRESSIVE;
				CLANG_CXX_LANGUAGE_STANDARD = "gnu++14";
				CLANG_CXX_LIBRARY = "libc++";
				CLANG_ENABLE_MODULES = YES;
				CLANG_ENABLE_OBJC_ARC = YES;
				CLANG_ENABLE_OBJC_WEAK = YES;
				CLANG_WARN_BLOCK_CAPTURE_AUTORELEASING = YES;
				CLANG_WARN_BOOL_CONVERSION = YES;
				CLANG_WARN_COMMA = YES;
				CLANG_WARN_CONSTANT_CONVERSION = YES;
				CLANG_WARN_DEPRECATED_OBJC_IMPLEMENTATIONS = YES;
				CLANG_WARN_DIRECT_OBJC_ISA_USAGE = YES_ERROR;
				CLANG_WARN_DOCUMENTATION_COMMENTS = YES;
				CLANG_WARN_EMPTY_BODY = YES;
				CLANG_WARN_ENUM_CONVERSION = YES;
				CLANG_WARN_INFINITE_RECURSION = YES;
				CLANG_WARN_INT_CONVERSION = YES;
				CLANG_WARN_NON_LITERAL_NULL_CONVERSION = YES;
				CLANG_WARN_OBJC_IMPLICIT_RETAIN_SELF = YES;
				CLANG_WARN_OBJC_LITERAL_CONVERSION = YES;
				CLANG_WARN_OBJC_ROOT_CLASS = YES_ERROR;
				CLANG_WARN_RANGE_LOOP_ANALYSIS = YES;
				CLANG_WARN_STRICT_PROTOTYPES = YES;
				CLANG_WARN_SUSPICIOUS_MOVE = YES;
				CLANG_WARN_UNGUARDED_AVAILABILITY = YES_AGGRESSIVE;
				CLANG_WARN_UNREACHABLE_CODE = YES;
				CLANG_WARN__DUPLICATE_METHOD_MATCH = YES;
				CODE_SIGN_IDENTITY = "iPhone Developer";
				COPY_PHASE_STRIP = NO;
				DEBUG_INFORMATION_FORMAT = "dwarf-with-dsym";
				ENABLE_NS_ASSERTIONS = NO;
				ENABLE_STRICT_OBJC_MSGSEND = YES;
				GCC_C_LANGUAGE_STANDARD = gnu11;
				GCC_NO_COMMON_BLOCKS = YES;
				GCC_WARN_64_TO_32_BIT_CONVERSION = YES;
				GCC_WARN_ABOUT_RETURN_TYPE = YES_ERROR;
				GCC_WARN_UNDECLARED_SELECTOR = YES;
				GCC_WARN_UNINITIALIZED_AUTOS = YES_AGGRESSIVE;
				GCC_WARN_UNUSED_FUNCTION = YES;
				GCC_WARN_UNUSED_VARIABLE = YES;
				IPHONEOS_DEPLOYMENT_TARGET = 12.0;
				MTL_ENABLE_DEBUG_INFO = NO;
				MTL_FAST_MATH = YES;
				SDKROOT = iphoneos;
				SWIFT_COMPILATION_MODE = wholemodule;
				SWIFT_OPTIMIZATION_LEVEL = "-O";
				VALIDATE_PRODUCT = YES;
			};
			name = Release;
		};
		03D0DC79216363CB009AA0E9 /* Debug */ = {
			isa = XCBuildConfiguration;
			baseConfigurationReference = C94A38FA15F368F3A6F2B45F /* Pods-SocialApp.debug.xcconfig */;
			buildSettings = {
				ASSETCATALOG_COMPILER_APPICON_NAME = AppIcon;
				CODE_SIGN_STYLE = Automatic;
				DEVELOPMENT_TEAM = C7Z3QND73W;
				INFOPLIST_FILE = SocialApp/Info.plist;
				LD_RUNPATH_SEARCH_PATHS = (
					"$(inherited)",
					"@executable_path/Frameworks",
				);
				PRODUCT_BUNDLE_IDENTIFIER = com.example.SocialApp;
				PRODUCT_NAME = "$(TARGET_NAME)";
				SWIFT_VERSION = 4.2;
				TARGETED_DEVICE_FAMILY = "1,2";
			};
			name = Debug;
		};
		03D0DC7A216363CB009AA0E9 /* Release */ = {
			isa = XCBuildConfiguration;
			baseConfigurationReference = 088C958B75E5003B6F09667E /* Pods-SocialApp.release.xcconfig */;
			buildSettings = {
				ASSETCATALOG_COMPILER_APPICON_NAME = AppIcon;
				CODE_SIGN_STYLE = Automatic;
				DEVELOPMENT_TEAM = C7Z3QND73W;
				INFOPLIST_FILE = SocialApp/Info.plist;
				LD_RUNPATH_SEARCH_PATHS = (
					"$(inherited)",
					"@executable_path/Frameworks",
				);
				PRODUCT_BUNDLE_IDENTIFIER = com.example.SocialApp;
				PRODUCT_NAME = "$(TARGET_NAME)";
				SWIFT_VERSION = 4.2;
				TARGETED_DEVICE_FAMILY = "1,2";
			};
			name = Release;
		};
		03D0DC7C216363CB009AA0E9 /* Debug */ = {
			isa = XCBuildConfiguration;
			baseConfigurationReference = B37C2CEFE83FD18764DB6CE8 /* Pods-SocialAppTests.debug.xcconfig */;
			buildSettings = {
				ALWAYS_EMBED_SWIFT_STANDARD_LIBRARIES = YES;
				BUNDLE_LOADER = "$(TEST_HOST)";
				CODE_SIGN_STYLE = Automatic;
				DEVELOPMENT_TEAM = C7Z3QND73W;
				INFOPLIST_FILE = SocialAppTests/Info.plist;
				LD_RUNPATH_SEARCH_PATHS = (
					"$(inherited)",
					"@executable_path/Frameworks",
					"@loader_path/Frameworks",
				);
				PRODUCT_BUNDLE_IDENTIFIER = com.example.SocialAppTests;
				PRODUCT_NAME = "$(TARGET_NAME)";
				SWIFT_VERSION = 4.2;
				TARGETED_DEVICE_FAMILY = "1,2";
				TEST_HOST = "$(BUILT_PRODUCTS_DIR)/SocialApp.app/SocialApp";
			};
			name = Debug;
		};
		03D0DC7D216363CB009AA0E9 /* Release */ = {
			isa = XCBuildConfiguration;
			baseConfigurationReference = AC726E29A607256E6385428E /* Pods-SocialAppTests.release.xcconfig */;
			buildSettings = {
				ALWAYS_EMBED_SWIFT_STANDARD_LIBRARIES = YES;
				BUNDLE_LOADER = "$(TEST_HOST)";
				CODE_SIGN_STYLE = Automatic;
				DEVELOPMENT_TEAM = C7Z3QND73W;
				INFOPLIST_FILE = SocialAppTests/Info.plist;
				LD_RUNPATH_SEARCH_PATHS = (
					"$(inherited)",
					"@executable_path/Frameworks",
					"@loader_path/Frameworks",
				);
				PRODUCT_BUNDLE_IDENTIFIER = com.example.SocialAppTests;
				PRODUCT_NAME = "$(TARGET_NAME)";
				SWIFT_VERSION = 4.2;
				TARGETED_DEVICE_FAMILY = "1,2";
				TEST_HOST = "$(BUILT_PRODUCTS_DIR)/SocialApp.app/SocialApp";
			};
			name = Release;
		};
		03D0DC7F216363CB009AA0E9 /* Debug */ = {
			isa = XCBuildConfiguration;
			baseConfigurationReference = 0BCA86F40A5B70C2EC61971A /* Pods-SocialAppUITests.debug.xcconfig */;
			buildSettings = {
				ALWAYS_EMBED_SWIFT_STANDARD_LIBRARIES = YES;
				CODE_SIGN_STYLE = Automatic;
				DEVELOPMENT_TEAM = C7Z3QND73W;
				INFOPLIST_FILE = SocialAppUITests/Info.plist;
				LD_RUNPATH_SEARCH_PATHS = (
					"$(inherited)",
					"@executable_path/Frameworks",
					"@loader_path/Frameworks",
				);
				PRODUCT_BUNDLE_IDENTIFIER = com.example.SocialAppUITests;
				PRODUCT_NAME = "$(TARGET_NAME)";
				SWIFT_VERSION = 4.2;
				TARGETED_DEVICE_FAMILY = "1,2";
				TEST_TARGET_NAME = SocialApp;
			};
			name = Debug;
		};
		03D0DC80216363CB009AA0E9 /* Release */ = {
			isa = XCBuildConfiguration;
			baseConfigurationReference = 39F0ACA642BE98731025BBFC /* Pods-SocialAppUITests.release.xcconfig */;
			buildSettings = {
				ALWAYS_EMBED_SWIFT_STANDARD_LIBRARIES = YES;
				CODE_SIGN_STYLE = Automatic;
				DEVELOPMENT_TEAM = C7Z3QND73W;
				INFOPLIST_FILE = SocialAppUITests/Info.plist;
				LD_RUNPATH_SEARCH_PATHS = (
					"$(inherited)",
					"@executable_path/Frameworks",
					"@loader_path/Frameworks",
				);
				PRODUCT_BUNDLE_IDENTIFIER = com.example.SocialAppUITests;
				PRODUCT_NAME = "$(TARGET_NAME)";
				SWIFT_VERSION = 4.2;
				TARGETED_DEVICE_FAMILY = "1,2";
				TEST_TARGET_NAME = SocialApp;
			};
			name = Release;
		};
/* End XCBuildConfiguration section */

/* Begin XCConfigurationList section */
		03D0DC4B216363C9009AA0E9 /* Build configuration list for PBXProject "SocialApp" */ = {
			isa = XCConfigurationList;
			buildConfigurations = (
				03D0DC76216363CB009AA0E9 /* Debug */,
				03D0DC77216363CB009AA0E9 /* Release */,
			);
			defaultConfigurationIsVisible = 0;
			defaultConfigurationName = Release;
		};
		03D0DC78216363CB009AA0E9 /* Build configuration list for PBXNativeTarget "SocialApp" */ = {
			isa = XCConfigurationList;
			buildConfigurations = (
				03D0DC79216363CB009AA0E9 /* Debug */,
				03D0DC7A216363CB009AA0E9 /* Release */,
			);
			defaultConfigurationIsVisible = 0;
			defaultConfigurationName = Release;
		};
		03D0DC7B216363CB009AA0E9 /* Build configuration list for PBXNativeTarget "SocialAppTests" */ = {
			isa = XCConfigurationList;
			buildConfigurations = (
				03D0DC7C216363CB009AA0E9 /* Debug */,
				03D0DC7D216363CB009AA0E9 /* Release */,
			);
			defaultConfigurationIsVisible = 0;
			defaultConfigurationName = Release;
		};
		03D0DC7E216363CB009AA0E9 /* Build configuration list for PBXNativeTarget "SocialAppUITests" */ = {
			isa = XCConfigurationList;
			buildConfigurations = (
				03D0DC7F216363CB009AA0E9 /* Debug */,
				03D0DC80216363CB009AA0E9 /* Release */,
			);
			defaultConfigurationIsVisible = 0;
			defaultConfigurationName = Release;
		};
/* End XCConfigurationList section */
	};
	rootObject = 03D0DC48216363C9009AA0E9 /* Project object */;
}
